
Microsoft Visual Studio Solution File, Format Version 12.00
# Visual Studio Version 16
VisualStudioVersion = 16.0.32510.428
MinimumVisualStudioVersion = 10.0.40219.1
Project("{FAE04EC0-301F-11D3-BF4B-00C04F79EFBC}") = "Juan", "Juan.csproj", "{1795A35B-2937-49A0-84C7-BAD9E9032A96}"
EndProject
Global
	GlobalSection(SolutionConfigurationPlatforms) = preSolution
		Debug|Any CPU = Debug|Any CPU
		Release|Any CPU = Release|Any CPU
	EndGlobalSection
	GlobalSection(ProjectConfigurationPlatforms) = postSolution
		{1795A35B-2937-49A0-84C7-BAD9E9032A96}.Debug|Any CPU.ActiveCfg = Debug|Any CPU
		{1795A35B-2937-49A0-84C7-BAD9E9032A96}.Debug|Any CPU.Build.0 = Debug|Any CPU
		{1795A35B-2937-49A0-84C7-BAD9E9032A96}.Release|Any CPU.ActiveCfg = Release|Any CPU
		{1795A35B-2937-49A0-84C7-BAD9E9032A96}.Release|Any CPU.Build.0 = Release|Any CPU
	EndGlobalSection
	GlobalSection(SolutionProperties) = preSolution
		HideSolutionNode = FALSE
	EndGlobalSection
	GlobalSection(ExtensibilityGlobals) = postSolution
		SolutionGuid = {98F80784-7F41-4095-93A4-5AEB0D03580B}
	EndGlobalSection
EndGlobal
